// !$*UTF8*$!
{
	archiveVersion = 1;
	classes = {
	};
	objectVersion = 46;
	objects = {

/* Begin PBXBuildFile section */
		2503BA931CE15437001DB01F /* Localizable.strings in Resources */ = {isa = PBXBuildFile; fileRef = 2503BA951CE15437001DB01F /* Localizable.strings */; };
		255013631CE0FE9E00B540D1 /* AppDelegate.swift in Sources */ = {isa = PBXBuildFile; fileRef = 255013621CE0FE9E00B540D1 /* AppDelegate.swift */; };
		255013681CE0FE9E00B540D1 /* Main.storyboard in Resources */ = {isa = PBXBuildFile; fileRef = 255013661CE0FE9E00B540D1 /* Main.storyboard */; };
		2550136A1CE0FE9E00B540D1 /* Assets.xcassets in Resources */ = {isa = PBXBuildFile; fileRef = 255013691CE0FE9E00B540D1 /* Assets.xcassets */; };
		2550136D1CE0FE9E00B540D1 /* LaunchScreen.storyboard in Resources */ = {isa = PBXBuildFile; fileRef = 2550136B1CE0FE9E00B540D1 /* LaunchScreen.storyboard */; };
		255013751CE1157300B540D1 /* ConversionViewController.swift in Sources */ = {isa = PBXBuildFile; fileRef = 255013741CE1157300B540D1 /* ConversionViewController.swift */; };
		255013771CE120F500B540D1 /* MapKit.framework in Frameworks */ = {isa = PBXBuildFile; fileRef = 255013761CE120F500B540D1 /* MapKit.framework */; };
		255013791CE123A600B540D1 /* MapViewController.swift in Sources */ = {isa = PBXBuildFile; fileRef = 255013781CE123A600B540D1 /* MapViewController.swift */; };
/* End PBXBuildFile section */

/* Begin PBXFileReference section */
		2503BA8F1CE151D5001DB01F /* en */ = {isa = PBXFileReference; lastKnownFileType = text.plist.strings; name = en; path = en.lproj/Main.strings; sourceTree = "<group>"; };
		2503BA901CE15230001DB01F /* es */ = {isa = PBXFileReference; lastKnownFileType = text.plist.strings; name = es; path = es.lproj/Main.strings; sourceTree = "<group>"; };
		2503BA941CE15437001DB01F /* Base */ = {isa = PBXFileReference; lastKnownFileType = text.plist.strings; name = Base; path = Base.lproj/Localizable.strings; sourceTree = "<group>"; };
		2503BA961CE15448001DB01F /* en */ = {isa = PBXFileReference; lastKnownFileType = text.plist.strings; name = en; path = en.lproj/Localizable.strings; sourceTree = "<group>"; };
		2503BA971CE15449001DB01F /* es */ = {isa = PBXFileReference; lastKnownFileType = text.plist.strings; name = es; path = es.lproj/Localizable.strings; sourceTree = "<group>"; };
		2550135F1CE0FE9E00B540D1 /* WorldTrotter.app */ = {isa = PBXFileReference; explicitFileType = wrapper.application; includeInIndex = 0; path = WorldTrotter.app; sourceTree = BUILT_PRODUCTS_DIR; };
		255013621CE0FE9E00B540D1 /* AppDelegate.swift */ = {isa = PBXFileReference; lastKnownFileType = sourcecode.swift; path = AppDelegate.swift; sourceTree = "<group>"; };
		255013671CE0FE9E00B540D1 /* Base */ = {isa = PBXFileReference; lastKnownFileType = file.storyboard; name = Base; path = Base.lproj/Main.storyboard; sourceTree = "<group>"; };
		255013691CE0FE9E00B540D1 /* Assets.xcassets */ = {isa = PBXFileReference; lastKnownFileType = folder.assetcatalog; path = Assets.xcassets; sourceTree = "<group>"; };
		2550136C1CE0FE9E00B540D1 /* Base */ = {isa = PBXFileReference; lastKnownFileType = file.storyboard; name = Base; path = Base.lproj/LaunchScreen.storyboard; sourceTree = "<group>"; };
		2550136E1CE0FE9E00B540D1 /* Info.plist */ = {isa = PBXFileReference; lastKnownFileType = text.plist.xml; path = Info.plist; sourceTree = "<group>"; };
		255013741CE1157300B540D1 /* ConversionViewController.swift */ = {isa = PBXFileReference; fileEncoding = 4; lastKnownFileType = sourcecode.swift; path = ConversionViewController.swift; sourceTree = "<group>"; };
		255013761CE120F500B540D1 /* MapKit.framework */ = {isa = PBXFileReference; lastKnownFileType = wrapper.framework; name = MapKit.framework; path = System/Library/Frameworks/MapKit.framework; sourceTree = SDKROOT; };
		255013781CE123A600B540D1 /* MapViewController.swift */ = {isa = PBXFileReference; fileEncoding = 4; lastKnownFileType = sourcecode.swift; path = MapViewController.swift; sourceTree = "<group>"; };
/* End PBXFileReference section */

/* Begin PBXFrameworksBuildPhase section */
		2550135C1CE0FE9E00B540D1 /* Frameworks */ = {
			isa = PBXFrameworksBuildPhase;
			buildActionMask = 2147483647;
			files = (
				255013771CE120F500B540D1 /* MapKit.framework in Frameworks */,
			);
			runOnlyForDeploymentPostprocessing = 0;
		};
/* End PBXFrameworksBuildPhase section */

/* Begin PBXGroup section */
		255013561CE0FE9E00B540D1 = {
			isa = PBXGroup;
			children = (
				2503BA951CE15437001DB01F /* Localizable.strings */,
				255013761CE120F500B540D1 /* MapKit.framework */,
				255013611CE0FE9E00B540D1 /* WorldTrotter */,
				255013601CE0FE9E00B540D1 /* Products */,
			);
			sourceTree = "<group>";
		};
		255013601CE0FE9E00B540D1 /* Products */ = {
			isa = PBXGroup;
			children = (
				2550135F1CE0FE9E00B540D1 /* WorldTrotter.app */,
			);
			name = Products;
			sourceTree = "<group>";
		};
		255013611CE0FE9E00B540D1 /* WorldTrotter */ = {
			isa = PBXGroup;
			children = (
				255013621CE0FE9E00B540D1 /* AppDelegate.swift */,
				255013661CE0FE9E00B540D1 /* Main.storyboard */,
				255013781CE123A600B540D1 /* MapViewController.swift */,
				255013691CE0FE9E00B540D1 /* Assets.xcassets */,
				2550136B1CE0FE9E00B540D1 /* LaunchScreen.storyboard */,
				2550136E1CE0FE9E00B540D1 /* Info.plist */,
				255013741CE1157300B540D1 /* ConversionViewController.swift */,
			);
			path = WorldTrotter;
			sourceTree = "<group>";
		};
/* End PBXGroup section */

/* Begin PBXNativeTarget section */
		2550135E1CE0FE9E00B540D1 /* WorldTrotter */ = {
			isa = PBXNativeTarget;
			buildConfigurationList = 255013711CE0FE9E00B540D1 /* Build configuration list for PBXNativeTarget "WorldTrotter" */;
			buildPhases = (
				2550135B1CE0FE9E00B540D1 /* Sources */,
				2550135C1CE0FE9E00B540D1 /* Frameworks */,
				2550135D1CE0FE9E00B540D1 /* Resources */,
			);
			buildRules = (
			);
			dependencies = (
			);
			name = WorldTrotter;
			productName = WorldTrotter;
			productReference = 2550135F1CE0FE9E00B540D1 /* WorldTrotter.app */;
			productType = "com.apple.product-type.application";
		};
/* End PBXNativeTarget section */

/* Begin PBXProject section */
		255013571CE0FE9E00B540D1 /* Project object */ = {
			isa = PBXProject;
			attributes = {
				LastSwiftUpdateCheck = 0720;
				LastUpgradeCheck = 0720;
				ORGANIZATIONNAME = gliwaderek.com;
				TargetAttributes = {
					2550135E1CE0FE9E00B540D1 = {
						CreatedOnToolsVersion = 7.2.1;
					};
				};
			};
			buildConfigurationList = 2550135A1CE0FE9E00B540D1 /* Build configuration list for PBXProject "WorldTrotter" */;
			compatibilityVersion = "Xcode 3.2";
			developmentRegion = English;
			hasScannedForEncodings = 0;
			knownRegions = (
				en,
				Base,
				es,
			);
			mainGroup = 255013561CE0FE9E00B540D1;
			productRefGroup = 255013601CE0FE9E00B540D1 /* Products */;
			projectDirPath = "";
			projectRoot = "";
			targets = (
				2550135E1CE0FE9E00B540D1 /* WorldTrotter */,
			);
		};
/* End PBXProject section */

/* Begin PBXResourcesBuildPhase section */
		2550135D1CE0FE9E00B540D1 /* Resources */ = {
			isa = PBXResourcesBuildPhase;
			buildActionMask = 2147483647;
			files = (
				2550136D1CE0FE9E00B540D1 /* LaunchScreen.storyboard in Resources */,
				2503BA931CE15437001DB01F /* Localizable.strings in Resources */,
				2550136A1CE0FE9E00B540D1 /* Assets.xcassets in Resources */,
				255013681CE0FE9E00B540D1 /* Main.storyboard in Resources */,
			);
			runOnlyForDeploymentPostprocessing = 0;
		};
/* End PBXResourcesBuildPhase section */

/* Begin PBXSourcesBuildPhase section */
		2550135B1CE0FE9E00B540D1 /* Sources */ = {
			isa = PBXSourcesBuildPhase;
			buildActionMask = 2147483647;
			files = (
				255013751CE1157300B540D1 /* ConversionViewController.swift in Sources */,
				255013791CE123A600B540D1 /* MapViewController.swift in Sources */,
				255013631CE0FE9E00B540D1 /* AppDelegate.swift in Sources */,
			);
			runOnlyForDeploymentPostprocessing = 0;
		};
/* End PBXSourcesBuildPhase section */

/* Begin PBXVariantGroup section */
		2503BA951CE15437001DB01F /* Localizable.strings */ = {
			isa = PBXVariantGroup;
			children = (
				2503BA941CE15437001DB01F /* Base */,
				2503BA961CE15448001DB01F /* en */,
				2503BA971CE15449001DB01F /* es */,
			);
			name = Localizable.strings;
			path = WorldTrotter;
			sourceTree = "<group>";
		};
		255013661CE0FE9E00B540D1 /* Main.storyboard */ = {
			isa = PBXVariantGroup;
			children = (
				255013671CE0FE9E00B540D1 /* Base */,
				2503BA8F1CE151D5001DB01F /* en */,
				2503BA901CE15230001DB01F /* es */,
			);
			name = Main.storyboard;
			sourceTree = "<group>";
		};
		2550136B1CE0FE9E00B540D1 /* LaunchScreen.storyboard */ = {
			isa = PBXVariantGroup;
			children = (
				2550136C1CE0FE9E00B540D1 /* Base */,
			);
			name = LaunchScreen.storyboard;
			sourceTree = "<group>";
		};
/* End PBXVariantGroup section */

/* Begin XCBuildConfiguration section */
		2550136F1CE0FE9E00B540D1 /* Debug */ = {
			isa = XCBuildConfiguration;
			buildSettings = {
				ALWAYS_SEARCH_USER_PATHS = NO;
				CLANG_CXX_LANGUAGE_STANDARD = "gnu++0x";
				CLANG_CXX_LIBRARY = "libc++";
				CLANG_ENABLE_MODULES = YES;
				CLANG_ENABLE_OBJC_ARC = YES;
				CLANG_WARN_BOOL_CONVERSION = YES;
				CLANG_WARN_CONSTANT_CONVERSION = YES;
				CLANG_WARN_DIRECT_OBJC_ISA_USAGE = YES_ERROR;
				CLANG_WARN_EMPTY_BODY = YES;
				CLANG_WARN_ENUM_CONVERSION = YES;
				CLANG_WARN_INT_CONVERSION = YES;
				CLANG_WARN_OBJC_ROOT_CLASS = YES_ERROR;
				CLANG_WARN_UNREACHABLE_CODE = YES;
				CLANG_WARN__DUPLICATE_METHOD_MATCH = YES;
				"CODE_SIGN_IDENTITY[sdk=iphoneos*]" = "iPhone Developer";
				COPY_PHASE_STRIP = NO;
				DEBUG_INFORMATION_FORMAT = dwarf;
				ENABLE_STRICT_OBJC_MSGSEND = YES;
				ENABLE_TESTABILITY = YES;
				GCC_C_LANGUAGE_STANDARD = gnu99;
				GCC_DYNAMIC_NO_PIC = NO;
				GCC_NO_COMMON_BLOCKS = YES;
				GCC_OPTIMIZATION_LEVEL = 0;
				GCC_PREPROCESSOR_DEFINITIONS = (
					"DEBUG=1",
					"$(inherited)",
				);
				GCC_WARN_64_TO_32_BIT_CONVERSION = YES;
				GCC_WARN_ABOUT_RETURN_TYPE = YES_ERROR;
				GCC_WARN_UNDECLARED_SELECTOR = YES;
				GCC_WARN_UNINITIALIZED_AUTOS = YES_AGGRESSIVE;
				GCC_WARN_UNUSED_FUNCTION = YES;
				GCC_WARN_UNUSED_VARIABLE = YES;
				IPHONEOS_DEPLOYMENT_TARGET = 9.2;
				MTL_ENABLE_DEBUG_INFO = YES;
				ONLY_ACTIVE_ARCH = YES;
				SDKROOT = iphoneos;
				SWIFT_OPTIMIZATION_LEVEL = "-Onone";
			};
			name = Debug;
		};
		255013701CE0FE9E00B540D1 /* Release */ = {
			isa = XCBuildConfiguration;
			buildSettings = {
				ALWAYS_SEARCH_USER_PATHS = NO;
				CLANG_CXX_LANGUAGE_STANDARD = "gnu++0x";
				CLANG_CXX_LIBRARY = "libc++";
				CLANG_ENABLE_MODULES = YES;
				CLANG_ENABLE_OBJC_ARC = YES;
				CLANG_WARN_BOOL_CONVERSION = YES;
				CLANG_WARN_CONSTANT_CONVERSION = YES;
				CLANG_WARN_DIRECT_OBJC_ISA_USAGE = YES_ERROR;
				CLANG_WARN_EMPTY_BODY = YES;
				CLANG_WARN_ENUM_CONVERSION = YES;
				CLANG_WARN_INT_CONVERSION = YES;
				CLANG_WARN_OBJC_ROOT_CLASS = YES_ERROR;
				CLANG_WARN_UNREACHABLE_CODE = YES;
				CLANG_WARN__DUPLICATE_METHOD_MATCH = YES;
				"CODE_SIGN_IDENTITY[sdk=iphoneos*]" = "iPhone Developer";
				COPY_PHASE_STRIP = NO;
				DEBUG_INFORMATION_FORMAT = "dwarf-with-dsym";
				ENABLE_NS_ASSERTIONS = NO;
				ENABLE_STRICT_OBJC_MSGSEND = YES;
				GCC_C_LANGUAGE_STANDARD = gnu99;
				GCC_NO_COMMON_BLOCKS = YES;
				GCC_WARN_64_TO_32_BIT_CONVERSION = YES;
				GCC_WARN_ABOUT_RETURN_TYPE = YES_ERROR;
				GCC_WARN_UNDECLARED_SELECTOR = YES;
				GCC_WARN_UNINITIALIZED_AUTOS = YES_AGGRESSIVE;
				GCC_WARN_UNUSED_FUNCTION = YES;
				GCC_WARN_UNUSED_VARIABLE = YES;
				IPHONEOS_DEPLOYMENT_TARGET = 9.2;
				MTL_ENABLE_DEBUG_INFO = NO;
				SDKROOT = iphoneos;
				VALIDATE_PRODUCT = YES;
			};
			name = Release;
		};
		255013721CE0FE9E00B540D1 /* Debug */ = {
			isa = XCBuildConfiguration;
			buildSettings = {
				ASSETCATALOG_COMPILER_APPICON_NAME = AppIcon;
				INFOPLIST_FILE = WorldTrotter/Info.plist;
				LD_RUNPATH_SEARCH_PATHS = "$(inherited) @executable_path/Frameworks";
				PRODUCT_BUNDLE_IDENTIFIER = com.gliwaderek.WorldTrotter;
				PRODUCT_NAME = "$(TARGET_NAME)";
			};
			name = Debug;
		};
		255013731CE0FE9E00B540D1 /* Release */ = {
			isa = XCBuildConfiguration;
			buildSettings = {
				ASSETCATALOG_COMPILER_APPICON_NAME = AppIcon;
				INFOPLIST_FILE = WorldTrotter/Info.plist;
				LD_RUNPATH_SEARCH_PATHS = "$(inherited) @executable_path/Frameworks";
				PRODUCT_BUNDLE_IDENTIFIER = com.gliwaderek.WorldTrotter;
				PRODUCT_NAME = "$(TARGET_NAME)";
			};
			name = Release;
		};
/* End XCBuildConfiguration section */

/* Begin XCConfigurationList section */
		2550135A1CE0FE9E00B540D1 /* Build configuration list for PBXProject "WorldTrotter" */ = {
			isa = XCConfigurationList;
			buildConfigurations = (
				2550136F1CE0FE9E00B540D1 /* Debug */,
				255013701CE0FE9E00B540D1 /* Release */,
			);
			defaultConfigurationIsVisible = 0;
			defaultConfigurationName = Release;
		};
		255013711CE0FE9E00B540D1 /* Build configuration list for PBXNativeTarget "WorldTrotter" */ = {
			isa = XCConfigurationList;
			buildConfigurations = (
				255013721CE0FE9E00B540D1 /* Debug */,
				255013731CE0FE9E00B540D1 /* Release */,
			);
			defaultConfigurationIsVisible = 0;
			defaultConfigurationName = Release;
		};
/* End XCConfigurationList section */
	};
	rootObject = 255013571CE0FE9E00B540D1 /* Project object */;
}
